
Microsoft Visual Studio Solution File, Format Version 12.00
# Visual Studio Version 17
VisualStudioVersion = 17.8.34330.188
MinimumVisualStudioVersion = 10.0.40219.1
Project("{FAE04EC0-301F-11D3-BF4B-00C04F79EFBC}") = "Quan-Ly-Ban-Ve-May-Bay", "Quan-Ly-Ban-Ve-May-Bay\Quan-Ly-Ban-Ve-May-Bay.csproj", "{924E9BC2-D3A8-4B71-9B53-529A307A045F}"
EndProject
Project("{FAE04EC0-301F-11D3-BF4B-00C04F79EFBC}") = "Quan-Ly-Ban-Ve-May-Bay_Test", "Quan-Ly-Ban-Ve-May-Bay_Test\Quan-Ly-Ban-Ve-May-Bay_Test.csproj", "{707EB3D2-D9AF-46AC-948B-9AF3DA792DFC}"
EndProject
Global
	GlobalSection(SolutionConfigurationPlatforms) = preSolution
		Debug|Any CPU = Debug|Any CPU
		Release|Any CPU = Release|Any CPU
	EndGlobalSection
	GlobalSection(ProjectConfigurationPlatforms) = postSolution
		{924E9BC2-D3A8-4B71-9B53-529A307A045F}.Debug|Any CPU.ActiveCfg = Debug|Any CPU
		{924E9BC2-D3A8-4B71-9B53-529A307A045F}.Debug|Any CPU.Build.0 = Debug|Any CPU
		{924E9BC2-D3A8-4B71-9B53-529A307A045F}.Release|Any CPU.ActiveCfg = Release|Any CPU
		{924E9BC2-D3A8-4B71-9B53-529A307A045F}.Release|Any CPU.Build.0 = Release|Any CPU
		{707EB3D2-D9AF-46AC-948B-9AF3DA792DFC}.Debug|Any CPU.ActiveCfg = Debug|Any CPU
		{707EB3D2-D9AF-46AC-948B-9AF3DA792DFC}.Debug|Any CPU.Build.0 = Debug|Any CPU
		{707EB3D2-D9AF-46AC-948B-9AF3DA792DFC}.Release|Any CPU.ActiveCfg = Release|Any CPU
		{707EB3D2-D9AF-46AC-948B-9AF3DA792DFC}.Release|Any CPU.Build.0 = Release|Any CPU
	EndGlobalSection
	GlobalSection(SolutionProperties) = preSolution
		HideSolutionNode = FALSE
	EndGlobalSection
	GlobalSection(ExtensibilityGlobals) = postSolution
		SolutionGuid = {0C8E21B1-0163-4667-9FEB-21A981AF19A9}
	EndGlobalSection
EndGlobal
